
Microsoft Visual Studio Solution File, Format Version 12.00
# Visual Studio Version 16
VisualStudioVersion = 16.0.29613.14
MinimumVisualStudioVersion = 10.0.40219.1
Project("{FAE04EC0-301F-11D3-BF4B-00C04F79EFBC}") = "LibraryApp", "LibraryApp\LibraryApp\LibraryApp.csproj", "{2E6464C6-F72D-4B25-91AA-BC21C5321618}"
EndProject
Project("{FAE04EC0-301F-11D3-BF4B-00C04F79EFBC}") = "LibraryApp.Android", "LibraryApp\LibraryApp.Android\LibraryApp.Android.csproj", "{80168F0D-EF1D-46A3-B42B-5D1B2EA1E3A7}"
EndProject
Project("{FAE04EC0-301F-11D3-BF4B-00C04F79EFBC}") = "LibraryApp.iOS", "LibraryApp\LibraryApp.iOS\LibraryApp.iOS.csproj", "{37F1EE65-331D-458F-B716-9752D283B991}"
EndProject
Project("{FAE04EC0-301F-11D3-BF4B-00C04F79EFBC}") = "LibraryApp.UWP", "LibraryApp\LibraryApp.UWP\LibraryApp.UWP.csproj", "{0DC9AD68-5557-418C-A278-4AE4F5F25C20}"
EndProject
Global
	GlobalSection(SolutionConfigurationPlatforms) = preSolution
		Ad-Hoc|Any CPU = Ad-Hoc|Any CPU
		Ad-Hoc|ARM = Ad-Hoc|ARM
		Ad-Hoc|iPhone = Ad-Hoc|iPhone
		Ad-Hoc|iPhoneSimulator = Ad-Hoc|iPhoneSimulator
		Ad-Hoc|x64 = Ad-Hoc|x64
		Ad-Hoc|x86 = Ad-Hoc|x86
		AppStore|Any CPU = AppStore|Any CPU
		AppStore|ARM = AppStore|ARM
		AppStore|iPhone = AppStore|iPhone
		AppStore|iPhoneSimulator = AppStore|iPhoneSimulator
		AppStore|x64 = AppStore|x64
		AppStore|x86 = AppStore|x86
		Debug|Any CPU = Debug|Any CPU
		Debug|ARM = Debug|ARM
		Debug|iPhone = Debug|iPhone
		Debug|iPhoneSimulator = Debug|iPhoneSimulator
		Debug|x64 = Debug|x64
		Debug|x86 = Debug|x86
		Release|Any CPU = Release|Any CPU
		Release|ARM = Release|ARM
		Release|iPhone = Release|iPhone
		Release|iPhoneSimulator = Release|iPhoneSimulator
		Release|x64 = Release|x64
		Release|x86 = Release|x86
	EndGlobalSection
	GlobalSection(ProjectConfigurationPlatforms) = postSolution
		{2E6464C6-F72D-4B25-91AA-BC21C5321618}.Ad-Hoc|Any CPU.ActiveCfg = Debug|Any CPU
		{2E6464C6-F72D-4B25-91AA-BC21C5321618}.Ad-Hoc|Any CPU.Build.0 = Debug|Any CPU
		{2E6464C6-F72D-4B25-91AA-BC21C5321618}.Ad-Hoc|ARM.ActiveCfg = Debug|Any CPU
		{2E6464C6-F72D-4B25-91AA-BC21C5321618}.Ad-Hoc|ARM.Build.0 = Debug|Any CPU
		{2E6464C6-F72D-4B25-91AA-BC21C5321618}.Ad-Hoc|iPhone.ActiveCfg = Debug|Any CPU
		{2E6464C6-F72D-4B25-91AA-BC21C5321618}.Ad-Hoc|iPhone.Build.0 = Debug|Any CPU
		{2E6464C6-F72D-4B25-91AA-BC21C5321618}.Ad-Hoc|iPhoneSimulator.ActiveCfg = Debug|Any CPU
		{2E6464C6-F72D-4B25-91AA-BC21C5321618}.Ad-Hoc|iPhoneSimulator.Build.0 = Debug|Any CPU
		{2E6464C6-F72D-4B25-91AA-BC21C5321618}.Ad-Hoc|x64.ActiveCfg = Debug|Any CPU
		{2E6464C6-F72D-4B25-91AA-BC21C5321618}.Ad-Hoc|x64.Build.0 = Debug|Any CPU
		{2E6464C6-F72D-4B25-91AA-BC21C5321618}.Ad-Hoc|x86.ActiveCfg = Debug|Any CPU
		{2E6464C6-F72D-4B25-91AA-BC21C5321618}.Ad-Hoc|x86.Build.0 = Debug|Any CPU
		{2E6464C6-F72D-4B25-91AA-BC21C5321618}.AppStore|Any CPU.ActiveCfg = Debug|Any CPU
		{2E6464C6-F72D-4B25-91AA-BC21C5321618}.AppStore|Any CPU.Build.0 = Debug|Any CPU
		{2E6464C6-F72D-4B25-91AA-BC21C5321618}.AppStore|ARM.ActiveCfg = Debug|Any CPU
		{2E6464C6-F72D-4B25-91AA-BC21C5321618}.AppStore|ARM.Build.0 = Debug|Any CPU
		{2E6464C6-F72D-4B25-91AA-BC21C5321618}.AppStore|iPhone.ActiveCfg = Debug|Any CPU
		{2E6464C6-F72D-4B25-91AA-BC21C5321618}.AppStore|iPhone.Build.0 = Debug|Any CPU
		{2E6464C6-F72D-4B25-91AA-BC21C5321618}.AppStore|iPhoneSimulator.ActiveCfg = Debug|Any CPU
		{2E6464C6-F72D-4B25-91AA-BC21C5321618}.AppStore|iPhoneSimulator.Build.0 = Debug|Any CPU
		{2E6464C6-F72D-4B25-91AA-BC21C5321618}.AppStore|x64.ActiveCfg = Debug|Any CPU
		{2E6464C6-F72D-4B25-91AA-BC21C5321618}.AppStore|x64.Build.0 = Debug|Any CPU
		{2E6464C6-F72D-4B25-91AA-BC21C5321618}.AppStore|x86.ActiveCfg = Debug|Any CPU
		{2E6464C6-F72D-4B25-91AA-BC21C5321618}.AppStore|x86.Build.0 = Debug|Any CPU
		{2E6464C6-F72D-4B25-91AA-BC21C5321618}.Debug|Any CPU.ActiveCfg = Debug|Any CPU
		{2E6464C6-F72D-4B25-91AA-BC21C5321618}.Debug|Any CPU.Build.0 = Debug|Any CPU
		{2E6464C6-F72D-4B25-91AA-BC21C5321618}.Debug|ARM.ActiveCfg = Debug|Any CPU
		{2E6464C6-F72D-4B25-91AA-BC21C5321618}.Debug|ARM.Build.0 = Debug|Any CPU
		{2E6464C6-F72D-4B25-91AA-BC21C5321618}.Debug|iPhone.ActiveCfg = Debug|Any CPU
		{2E6464C6-F72D-4B25-91AA-BC21C5321618}.Debug|iPhone.Build.0 = Debug|Any CPU
		{2E6464C6-F72D-4B25-91AA-BC21C5321618}.Debug|iPhoneSimulator.ActiveCfg = Debug|Any CPU
		{2E6464C6-F72D-4B25-91AA-BC21C5321618}.Debug|iPhoneSimulator.Build.0 = Debug|Any CPU
		{2E6464C6-F72D-4B25-91AA-BC21C5321618}.Debug|x64.ActiveCfg = Debug|Any CPU
		{2E6464C6-F72D-4B25-91AA-BC21C5321618}.Debug|x64.Build.0 = Debug|Any CPU
		{2E6464C6-F72D-4B25-91AA-BC21C5321618}.Debug|x86.ActiveCfg = Debug|Any CPU
		{2E6464C6-F72D-4B25-91AA-BC21C5321618}.Debug|x86.Build.0 = Debug|Any CPU
		{2E6464C6-F72D-4B25-91AA-BC21C5321618}.Release|Any CPU.ActiveCfg = Release|Any CPU
		{2E6464C6-F72D-4B25-91AA-BC21C5321618}.Release|Any CPU.Build.0 = Release|Any CPU
		{2E6464C6-F72D-4B25-91AA-BC21C5321618}.Release|ARM.ActiveCfg = Release|Any CPU
		{2E6464C6-F72D-4B25-91AA-BC21C5321618}.Release|ARM.Build.0 = Release|Any CPU
		{2E6464C6-F72D-4B25-91AA-BC21C5321618}.Release|iPhone.ActiveCfg = Release|Any CPU
		{2E6464C6-F72D-4B25-91AA-BC21C5321618}.Release|iPhone.Build.0 = Release|Any CPU
		{2E6464C6-F72D-4B25-91AA-BC21C5321618}.Release|iPhoneSimulator.ActiveCfg = Release|Any CPU
		{2E6464C6-F72D-4B25-91AA-BC21C5321618}.Release|iPhoneSimulator.Build.0 = Release|Any CPU
		{2E6464C6-F72D-4B25-91AA-BC21C5321618}.Release|x64.ActiveCfg = Release|Any CPU
		{2E6464C6-F72D-4B25-91AA-BC21C5321618}.Release|x64.Build.0 = Release|Any CPU
		{2E6464C6-F72D-4B25-91AA-BC21C5321618}.Release|x86.ActiveCfg = Release|Any CPU
		{2E6464C6-F72D-4B25-91AA-BC21C5321618}.Release|x86.Build.0 = Release|Any CPU
		{80168F0D-EF1D-46A3-B42B-5D1B2EA1E3A7}.Ad-Hoc|Any CPU.ActiveCfg = Release|Any CPU
		{80168F0D-EF1D-46A3-B42B-5D1B2EA1E3A7}.Ad-Hoc|Any CPU.Build.0 = Release|Any CPU
		{80168F0D-EF1D-46A3-B42B-5D1B2EA1E3A7}.Ad-Hoc|Any CPU.Deploy.0 = Release|Any CPU
		{80168F0D-EF1D-46A3-B42B-5D1B2EA1E3A7}.Ad-Hoc|ARM.ActiveCfg = Release|Any CPU
		{80168F0D-EF1D-46A3-B42B-5D1B2EA1E3A7}.Ad-Hoc|ARM.Build.0 = Release|Any CPU
		{80168F0D-EF1D-46A3-B42B-5D1B2EA1E3A7}.Ad-Hoc|ARM.Deploy.0 = Release|Any CPU
		{80168F0D-EF1D-46A3-B42B-5D1B2EA1E3A7}.Ad-Hoc|iPhone.ActiveCfg = Release|Any CPU
		{80168F0D-EF1D-46A3-B42B-5D1B2EA1E3A7}.Ad-Hoc|iPhone.Build.0 = Release|Any CPU
		{80168F0D-EF1D-46A3-B42B-5D1B2EA1E3A7}.Ad-Hoc|iPhone.Deploy.0 = Release|Any CPU
		{80168F0D-EF1D-46A3-B42B-5D1B2EA1E3A7}.Ad-Hoc|iPhoneSimulator.ActiveCfg = Release|Any CPU
		{80168F0D-EF1D-46A3-B42B-5D1B2EA1E3A7}.Ad-Hoc|iPhoneSimulator.Build.0 = Release|Any CPU
		{80168F0D-EF1D-46A3-B42B-5D1B2EA1E3A7}.Ad-Hoc|iPhoneSimulator.Deploy.0 = Release|Any CPU
		{80168F0D-EF1D-46A3-B42B-5D1B2EA1E3A7}.Ad-Hoc|x64.ActiveCfg = Release|Any CPU
		{80168F0D-EF1D-46A3-B42B-5D1B2EA1E3A7}.Ad-Hoc|x64.Build.0 = Release|Any CPU
		{80168F0D-EF1D-46A3-B42B-5D1B2EA1E3A7}.Ad-Hoc|x64.Deploy.0 = Release|Any CPU
		{80168F0D-EF1D-46A3-B42B-5D1B2EA1E3A7}.Ad-Hoc|x86.ActiveCfg = Release|Any CPU
		{80168F0D-EF1D-46A3-B42B-5D1B2EA1E3A7}.Ad-Hoc|x86.Build.0 = Release|Any CPU
		{80168F0D-EF1D-46A3-B42B-5D1B2EA1E3A7}.Ad-Hoc|x86.Deploy.0 = Release|Any CPU
		{80168F0D-EF1D-46A3-B42B-5D1B2EA1E3A7}.AppStore|Any CPU.ActiveCfg = Release|Any CPU
		{80168F0D-EF1D-46A3-B42B-5D1B2EA1E3A7}.AppStore|Any CPU.Build.0 = Release|Any CPU
		{80168F0D-EF1D-46A3-B42B-5D1B2EA1E3A7}.AppStore|Any CPU.Deploy.0 = Release|Any CPU
		{80168F0D-EF1D-46A3-B42B-5D1B2EA1E3A7}.AppStore|ARM.ActiveCfg = Release|Any CPU
		{80168F0D-EF1D-46A3-B42B-5D1B2EA1E3A7}.AppStore|ARM.Build.0 = Release|Any CPU
		{80168F0D-EF1D-46A3-B42B-5D1B2EA1E3A7}.AppStore|ARM.Deploy.0 = Release|Any CPU
		{80168F0D-EF1D-46A3-B42B-5D1B2EA1E3A7}.AppStore|iPhone.ActiveCfg = Release|Any CPU
		{80168F0D-EF1D-46A3-B42B-5D1B2EA1E3A7}.AppStore|iPhone.Build.0 = Release|Any CPU
		{80168F0D-EF1D-46A3-B42B-5D1B2EA1E3A7}.AppStore|iPhone.Deploy.0 = Release|Any CPU
		{80168F0D-EF1D-46A3-B42B-5D1B2EA1E3A7}.AppStore|iPhoneSimulator.ActiveCfg = Release|Any CPU
		{80168F0D-EF1D-46A3-B42B-5D1B2EA1E3A7}.AppStore|iPhoneSimulator.Build.0 = Release|Any CPU
		{80168F0D-EF1D-46A3-B42B-5D1B2EA1E3A7}.AppStore|iPhoneSimulator.Deploy.0 = Release|Any CPU
		{80168F0D-EF1D-46A3-B42B-5D1B2EA1E3A7}.AppStore|x64.ActiveCfg = Release|Any CPU
		{80168F0D-EF1D-46A3-B42B-5D1B2EA1E3A7}.AppStore|x64.Build.0 = Release|Any CPU
		{80168F0D-EF1D-46A3-B42B-5D1B2EA1E3A7}.AppStore|x64.Deploy.0 = Release|Any CPU
		{80168F0D-EF1D-46A3-B42B-5D1B2EA1E3A7}.AppStore|x86.ActiveCfg = Release|Any CPU
		{80168F0D-EF1D-46A3-B42B-5D1B2EA1E3A7}.AppStore|x86.Build.0 = Release|Any CPU
		{80168F0D-EF1D-46A3-B42B-5D1B2EA1E3A7}.AppStore|x86.Deploy.0 = Release|Any CPU
		{80168F0D-EF1D-46A3-B42B-5D1B2EA1E3A7}.Debug|Any CPU.ActiveCfg = Debug|Any CPU
		{80168F0D-EF1D-46A3-B42B-5D1B2EA1E3A7}.Debug|Any CPU.Build.0 = Debug|Any CPU
		{80168F0D-EF1D-46A3-B42B-5D1B2EA1E3A7}.Debug|Any CPU.Deploy.0 = Debug|Any CPU
		{80168F0D-EF1D-46A3-B42B-5D1B2EA1E3A7}.Debug|ARM.ActiveCfg = Debug|Any CPU
		{80168F0D-EF1D-46A3-B42B-5D1B2EA1E3A7}.Debug|ARM.Build.0 = Debug|Any CPU
		{80168F0D-EF1D-46A3-B42B-5D1B2EA1E3A7}.Debug|ARM.Deploy.0 = Debug|Any CPU
		{80168F0D-EF1D-46A3-B42B-5D1B2EA1E3A7}.Debug|iPhone.ActiveCfg = Debug|Any CPU
		{80168F0D-EF1D-46A3-B42B-5D1B2EA1E3A7}.Debug|iPhone.Build.0 = Debug|Any CPU
		{80168F0D-EF1D-46A3-B42B-5D1B2EA1E3A7}.Debug|iPhone.Deploy.0 = Debug|Any CPU
		{80168F0D-EF1D-46A3-B42B-5D1B2EA1E3A7}.Debug|iPhoneSimulator.ActiveCfg = Debug|Any CPU
		{80168F0D-EF1D-46A3-B42B-5D1B2EA1E3A7}.Debug|iPhoneSimulator.Build.0 = Debug|Any CPU
		{80168F0D-EF1D-46A3-B42B-5D1B2EA1E3A7}.Debug|iPhoneSimulator.Deploy.0 = Debug|Any CPU
		{80168F0D-EF1D-46A3-B42B-5D1B2EA1E3A7}.Debug|x64.ActiveCfg = Debug|Any CPU
		{80168F0D-EF1D-46A3-B42B-5D1B2EA1E3A7}.Debug|x64.Build.0 = Debug|Any CPU
		{80168F0D-EF1D-46A3-B42B-5D1B2EA1E3A7}.Debug|x64.Deploy.0 = Debug|Any CPU
		{80168F0D-EF1D-46A3-B42B-5D1B2EA1E3A7}.Debug|x86.ActiveCfg = Debug|Any CPU
		{80168F0D-EF1D-46A3-B42B-5D1B2EA1E3A7}.Debug|x86.Build.0 = Debug|Any CPU
		{80168F0D-EF1D-46A3-B42B-5D1B2EA1E3A7}.Debug|x86.Deploy.0 = Debug|Any CPU
		{80168F0D-EF1D-46A3-B42B-5D1B2EA1E3A7}.Release|Any CPU.ActiveCfg = Release|Any CPU
		{80168F0D-EF1D-46A3-B42B-5D1B2EA1E3A7}.Release|Any CPU.Build.0 = Release|Any CPU
		{80168F0D-EF1D-46A3-B42B-5D1B2EA1E3A7}.Release|Any CPU.Deploy.0 = Release|Any CPU
		{80168F0D-EF1D-46A3-B42B-5D1B2EA1E3A7}.Release|ARM.ActiveCfg = Release|Any CPU
		{80168F0D-EF1D-46A3-B42B-5D1B2EA1E3A7}.Release|ARM.Build.0 = Release|Any CPU
		{80168F0D-EF1D-46A3-B42B-5D1B2EA1E3A7}.Release|ARM.Deploy.0 = Release|Any CPU
		{80168F0D-EF1D-46A3-B42B-5D1B2EA1E3A7}.Release|iPhone.ActiveCfg = Release|Any CPU
		{80168F0D-EF1D-46A3-B42B-5D1B2EA1E3A7}.Release|iPhone.Build.0 = Release|Any CPU
		{80168F0D-EF1D-46A3-B42B-5D1B2EA1E3A7}.Release|iPhone.Deploy.0 = Release|Any CPU
		{80168F0D-EF1D-46A3-B42B-5D1B2EA1E3A7}.Release|iPhoneSimulator.ActiveCfg = Release|Any CPU
		{80168F0D-EF1D-46A3-B42B-5D1B2EA1E3A7}.Release|iPhoneSimulator.Build.0 = Release|Any CPU
		{80168F0D-EF1D-46A3-B42B-5D1B2EA1E3A7}.Release|iPhoneSimulator.Deploy.0 = Release|Any CPU
		{80168F0D-EF1D-46A3-B42B-5D1B2EA1E3A7}.Release|x64.ActiveCfg = Release|Any CPU
		{80168F0D-EF1D-46A3-B42B-5D1B2EA1E3A7}.Release|x64.Build.0 = Release|Any CPU
		{80168F0D-EF1D-46A3-B42B-5D1B2EA1E3A7}.Release|x64.Deploy.0 = Release|Any CPU
		{80168F0D-EF1D-46A3-B42B-5D1B2EA1E3A7}.Release|x86.ActiveCfg = Release|Any CPU
		{80168F0D-EF1D-46A3-B42B-5D1B2EA1E3A7}.Release|x86.Build.0 = Release|Any CPU
		{80168F0D-EF1D-46A3-B42B-5D1B2EA1E3A7}.Release|x86.Deploy.0 = Release|Any CPU
		{37F1EE65-331D-458F-B716-9752D283B991}.Ad-Hoc|Any CPU.ActiveCfg = Ad-Hoc|iPhone
		{37F1EE65-331D-458F-B716-9752D283B991}.Ad-Hoc|ARM.ActiveCfg = Ad-Hoc|iPhone
		{37F1EE65-331D-458F-B716-9752D283B991}.Ad-Hoc|iPhone.ActiveCfg = Ad-Hoc|iPhone
		{37F1EE65-331D-458F-B716-9752D283B991}.Ad-Hoc|iPhone.Build.0 = Ad-Hoc|iPhone
		{37F1EE65-331D-458F-B716-9752D283B991}.Ad-Hoc|iPhoneSimulator.ActiveCfg = Ad-Hoc|iPhoneSimulator
		{37F1EE65-331D-458F-B716-9752D283B991}.Ad-Hoc|iPhoneSimulator.Build.0 = Ad-Hoc|iPhoneSimulator
		{37F1EE65-331D-458F-B716-9752D283B991}.Ad-Hoc|x64.ActiveCfg = Ad-Hoc|iPhone
		{37F1EE65-331D-458F-B716-9752D283B991}.Ad-Hoc|x86.ActiveCfg = Ad-Hoc|iPhone
		{37F1EE65-331D-458F-B716-9752D283B991}.AppStore|Any CPU.ActiveCfg = AppStore|iPhone
		{37F1EE65-331D-458F-B716-9752D283B991}.AppStore|ARM.ActiveCfg = AppStore|iPhone
		{37F1EE65-331D-458F-B716-9752D283B991}.AppStore|iPhone.ActiveCfg = AppStore|iPhone
		{37F1EE65-331D-458F-B716-9752D283B991}.AppStore|iPhone.Build.0 = AppStore|iPhone
		{37F1EE65-331D-458F-B716-9752D283B991}.AppStore|iPhoneSimulator.ActiveCfg = AppStore|iPhoneSimulator
		{37F1EE65-331D-458F-B716-9752D283B991}.AppStore|iPhoneSimulator.Build.0 = AppStore|iPhoneSimulator
		{37F1EE65-331D-458F-B716-9752D283B991}.AppStore|x64.ActiveCfg = AppStore|iPhone
		{37F1EE65-331D-458F-B716-9752D283B991}.AppStore|x86.ActiveCfg = AppStore|iPhone
		{37F1EE65-331D-458F-B716-9752D283B991}.Debug|Any CPU.ActiveCfg = Debug|iPhone
		{37F1EE65-331D-458F-B716-9752D283B991}.Debug|ARM.ActiveCfg = Debug|iPhone
		{37F1EE65-331D-458F-B716-9752D283B991}.Debug|iPhone.ActiveCfg = Debug|iPhone
		{37F1EE65-331D-458F-B716-9752D283B991}.Debug|iPhone.Build.0 = Debug|iPhone
		{37F1EE65-331D-458F-B716-9752D283B991}.Debug|iPhoneSimulator.ActiveCfg = Debug|iPhoneSimulator
		{37F1EE65-331D-458F-B716-9752D283B991}.Debug|iPhoneSimulator.Build.0 = Debug|iPhoneSimulator
		{37F1EE65-331D-458F-B716-9752D283B991}.Debug|x64.ActiveCfg = Debug|iPhone
		{37F1EE65-331D-458F-B716-9752D283B991}.Debug|x86.ActiveCfg = Debug|iPhone
		{37F1EE65-331D-458F-B716-9752D283B991}.Release|Any CPU.ActiveCfg = Release|iPhone
		{37F1EE65-331D-458F-B716-9752D283B991}.Release|ARM.ActiveCfg = Release|iPhone
		{37F1EE65-331D-458F-B716-9752D283B991}.Release|iPhone.ActiveCfg = Release|iPhone
		{37F1EE65-331D-458F-B716-9752D283B991}.Release|iPhone.Build.0 = Release|iPhone
		{37F1EE65-331D-458F-B716-9752D283B991}.Release|iPhoneSimulator.ActiveCfg = Release|iPhoneSimulator
		{37F1EE65-331D-458F-B716-9752D283B991}.Release|iPhoneSimulator.Build.0 = Release|iPhoneSimulator
		{37F1EE65-331D-458F-B716-9752D283B991}.Release|x64.ActiveCfg = Release|iPhone
		{37F1EE65-331D-458F-B716-9752D283B991}.Release|x86.ActiveCfg = Release|iPhone
		{0DC9AD68-5557-418C-A278-4AE4F5F25C20}.Ad-Hoc|Any CPU.ActiveCfg = Release|x86
		{0DC9AD68-5557-418C-A278-4AE4F5F25C20}.Ad-Hoc|Any CPU.Build.0 = Release|x86
		{0DC9AD68-5557-418C-A278-4AE4F5F25C20}.Ad-Hoc|Any CPU.Deploy.0 = Release|x86
		{0DC9AD68-5557-418C-A278-4AE4F5F25C20}.Ad-Hoc|ARM.ActiveCfg = Release|ARM
		{0DC9AD68-5557-418C-A278-4AE4F5F25C20}.Ad-Hoc|ARM.Build.0 = Release|ARM
		{0DC9AD68-5557-418C-A278-4AE4F5F25C20}.Ad-Hoc|ARM.Deploy.0 = Release|ARM
		{0DC9AD68-5557-418C-A278-4AE4F5F25C20}.Ad-Hoc|iPhone.ActiveCfg = Release|x86
		{0DC9AD68-5557-418C-A278-4AE4F5F25C20}.Ad-Hoc|iPhone.Build.0 = Release|x86
		{0DC9AD68-5557-418C-A278-4AE4F5F25C20}.Ad-Hoc|iPhone.Deploy.0 = Release|x86
		{0DC9AD68-5557-418C-A278-4AE4F5F25C20}.Ad-Hoc|iPhoneSimulator.ActiveCfg = Release|x86
		{0DC9AD68-5557-418C-A278-4AE4F5F25C20}.Ad-Hoc|iPhoneSimulator.Build.0 = Release|x86
		{0DC9AD68-5557-418C-A278-4AE4F5F25C20}.Ad-Hoc|iPhoneSimulator.Deploy.0 = Release|x86
		{0DC9AD68-5557-418C-A278-4AE4F5F25C20}.Ad-Hoc|x64.ActiveCfg = Release|x64
		{0DC9AD68-5557-418C-A278-4AE4F5F25C20}.Ad-Hoc|x64.Build.0 = Release|x64
		{0DC9AD68-5557-418C-A278-4AE4F5F25C20}.Ad-Hoc|x64.Deploy.0 = Release|x64
		{0DC9AD68-5557-418C-A278-4AE4F5F25C20}.Ad-Hoc|x86.ActiveCfg = Release|x86
		{0DC9AD68-5557-418C-A278-4AE4F5F25C20}.Ad-Hoc|x86.Build.0 = Release|x86
		{0DC9AD68-5557-418C-A278-4AE4F5F25C20}.Ad-Hoc|x86.Deploy.0 = Release|x86
		{0DC9AD68-5557-418C-A278-4AE4F5F25C20}.AppStore|Any CPU.ActiveCfg = Release|x86
		{0DC9AD68-5557-418C-A278-4AE4F5F25C20}.AppStore|Any CPU.Build.0 = Release|x86
		{0DC9AD68-5557-418C-A278-4AE4F5F25C20}.AppStore|Any CPU.Deploy.0 = Release|x86
		{0DC9AD68-5557-418C-A278-4AE4F5F25C20}.AppStore|ARM.ActiveCfg = Release|ARM
		{0DC9AD68-5557-418C-A278-4AE4F5F25C20}.AppStore|ARM.Build.0 = Release|ARM
		{0DC9AD68-5557-418C-A278-4AE4F5F25C20}.AppStore|ARM.Deploy.0 = Release|ARM
		{0DC9AD68-5557-418C-A278-4AE4F5F25C20}.AppStore|iPhone.ActiveCfg = Release|x86
		{0DC9AD68-5557-418C-A278-4AE4F5F25C20}.AppStore|iPhone.Build.0 = Release|x86
		{0DC9AD68-5557-418C-A278-4AE4F5F25C20}.AppStore|iPhone.Deploy.0 = Release|x86
		{0DC9AD68-5557-418C-A278-4AE4F5F25C20}.AppStore|iPhoneSimulator.ActiveCfg = Release|x86
		{0DC9AD68-5557-418C-A278-4AE4F5F25C20}.AppStore|iPhoneSimulator.Build.0 = Release|x86
		{0DC9AD68-5557-418C-A278-4AE4F5F25C20}.AppStore|iPhoneSimulator.Deploy.0 = Release|x86
		{0DC9AD68-5557-418C-A278-4AE4F5F25C20}.AppStore|x64.ActiveCfg = Release|x64
		{0DC9AD68-5557-418C-A278-4AE4F5F25C20}.AppStore|x64.Build.0 = Release|x64
		{0DC9AD68-5557-418C-A278-4AE4F5F25C20}.AppStore|x64.Deploy.0 = Release|x64
		{0DC9AD68-5557-418C-A278-4AE4F5F25C20}.AppStore|x86.ActiveCfg = Release|x86
		{0DC9AD68-5557-418C-A278-4AE4F5F25C20}.AppStore|x86.Build.0 = Release|x86
		{0DC9AD68-5557-418C-A278-4AE4F5F25C20}.AppStore|x86.Deploy.0 = Release|x86
		{0DC9AD68-5557-418C-A278-4AE4F5F25C20}.Debug|Any CPU.ActiveCfg = Debug|x86
		{0DC9AD68-5557-418C-A278-4AE4F5F25C20}.Debug|ARM.ActiveCfg = Debug|ARM
		{0DC9AD68-5557-418C-A278-4AE4F5F25C20}.Debug|ARM.Build.0 = Debug|ARM
		{0DC9AD68-5557-418C-A278-4AE4F5F25C20}.Debug|ARM.Deploy.0 = Debug|ARM
		{0DC9AD68-5557-418C-A278-4AE4F5F25C20}.Debug|iPhone.ActiveCfg = Debug|x86
		{0DC9AD68-5557-418C-A278-4AE4F5F25C20}.Debug|iPhoneSimulator.ActiveCfg = Debug|x86
		{0DC9AD68-5557-418C-A278-4AE4F5F25C20}.Debug|x64.ActiveCfg = Debug|x64
		{0DC9AD68-5557-418C-A278-4AE4F5F25C20}.Debug|x64.Build.0 = Debug|x64
		{0DC9AD68-5557-418C-A278-4AE4F5F25C20}.Debug|x64.Deploy.0 = Debug|x64
		{0DC9AD68-5557-418C-A278-4AE4F5F25C20}.Debug|x86.ActiveCfg = Debug|x86
		{0DC9AD68-5557-418C-A278-4AE4F5F25C20}.Debug|x86.Build.0 = Debug|x86
		{0DC9AD68-5557-418C-A278-4AE4F5F25C20}.Debug|x86.Deploy.0 = Debug|x86
		{0DC9AD68-5557-418C-A278-4AE4F5F25C20}.Release|Any CPU.ActiveCfg = Release|x86
		{0DC9AD68-5557-418C-A278-4AE4F5F25C20}.Release|ARM.ActiveCfg = Release|ARM
		{0DC9AD68-5557-418C-A278-4AE4F5F25C20}.Release|ARM.Build.0 = Release|ARM
		{0DC9AD68-5557-418C-A278-4AE4F5F25C20}.Release|ARM.Deploy.0 = Release|ARM
		{0DC9AD68-5557-418C-A278-4AE4F5F25C20}.Release|iPhone.ActiveCfg = Release|x86
		{0DC9AD68-5557-418C-A278-4AE4F5F25C20}.Release|iPhoneSimulator.ActiveCfg = Release|x86
		{0DC9AD68-5557-418C-A278-4AE4F5F25C20}.Release|x64.ActiveCfg = Release|x64
		{0DC9AD68-5557-418C-A278-4AE4F5F25C20}.Release|x64.Build.0 = Release|x64
		{0DC9AD68-5557-418C-A278-4AE4F5F25C20}.Release|x64.Deploy.0 = Release|x64
		{0DC9AD68-5557-418C-A278-4AE4F5F25C20}.Release|x86.ActiveCfg = Release|x86
		{0DC9AD68-5557-418C-A278-4AE4F5F25C20}.Release|x86.Build.0 = Release|x86
		{0DC9AD68-5557-418C-A278-4AE4F5F25C20}.Release|x86.Deploy.0 = Release|x86
	EndGlobalSection
	GlobalSection(SolutionProperties) = preSolution
		HideSolutionNode = FALSE
	EndGlobalSection
	GlobalSection(ExtensibilityGlobals) = postSolution
		SolutionGuid = {801DB7F4-6F5C-432B-BAA9-6E8ED6F31176}
	EndGlobalSection
EndGlobal
